
Microsoft Visual Studio Solution File, Format Version 12.00
# Visual Studio Version 17
VisualStudioVersion = 17.0.31903.59
MinimumVisualStudioVersion = 10.0.40219.1
Project("{2150E333-8FDC-42A3-9474-1A3956D46DE8}") = "DomainLayer", "DomainLayer", "{7C19B684-B77F-402A-9692-A891311E69B1}"
EndProject
Project("{2150E333-8FDC-42A3-9474-1A3956D46DE8}") = "InterfaceAdapterLayer", "InterfaceAdapterLayer", "{F1F1D9C0-1EA2-4C72-A59F-7FBC3FF22931}"
EndProject
Project("{2150E333-8FDC-42A3-9474-1A3956D46DE8}") = "ApplicationLayer", "ApplicationLayer", "{C1923F41-0395-4271-8680-C114B7FB1634}"
EndProject
Project("{2150E333-8FDC-42A3-9474-1A3956D46DE8}") = "Test", "Test", "{CFB64059-FDC2-4E40-B807-2E3649FE1AFA}"
EndProject
Project("{9A19103F-16F7-4668-BE54-9A1E7A4F7556}") = "SimplePOS.Application", "SimplePOS.Application\SimplePOS.Application.csproj", "{D66BE782-ECD4-4716-A84F-FF8819102CC8}"
EndProject
Project("{9A19103F-16F7-4668-BE54-9A1E7A4F7556}") = "SimplePOS.Test", "SimplePOS.Test\SimplePOS.Test.csproj", "{2653A2EF-884B-427E-BECF-4F8E77B4929C}"
EndProject
Project("{9A19103F-16F7-4668-BE54-9A1E7A4F7556}") = "SimplePOS.Domain", "SimplePOS.Domain\SimplePOS.Domain.csproj", "{0D32A69F-2790-4C41-8AE9-4369D2B5F50A}"
EndProject
Project("{9A19103F-16F7-4668-BE54-9A1E7A4F7556}") = "SimplePOS.EntityFrameworkCore", "SimplePOS.InterfaceAdapter\SimplePOS.EntityFrameworkCore\SimplePOS.EntityFrameworkCore.csproj", "{2CDE32A5-D633-4809-9F9C-9E49CD9D4A29}"
EndProject
Project("{9A19103F-16F7-4668-BE54-9A1E7A4F7556}") = "SimplePOS.ConsoleApp", "SimplePOS.InterfaceAdapter\SimplePOS.ConsoleApp\SimplePOS.ConsoleApp.csproj", "{835E1B2A-16E5-41EE-8D7B-D28450B0A4A1}"
EndProject
Global
	GlobalSection(SolutionConfigurationPlatforms) = preSolution
		Debug|Any CPU = Debug|Any CPU
		Release|Any CPU = Release|Any CPU
	EndGlobalSection
	GlobalSection(ProjectConfigurationPlatforms) = postSolution
		{D66BE782-ECD4-4716-A84F-FF8819102CC8}.Debug|Any CPU.ActiveCfg = Debug|Any CPU
		{D66BE782-ECD4-4716-A84F-FF8819102CC8}.Debug|Any CPU.Build.0 = Debug|Any CPU
		{D66BE782-ECD4-4716-A84F-FF8819102CC8}.Release|Any CPU.ActiveCfg = Release|Any CPU
		{D66BE782-ECD4-4716-A84F-FF8819102CC8}.Release|Any CPU.Build.0 = Release|Any CPU
		{2653A2EF-884B-427E-BECF-4F8E77B4929C}.Debug|Any CPU.ActiveCfg = Debug|Any CPU
		{2653A2EF-884B-427E-BECF-4F8E77B4929C}.Debug|Any CPU.Build.0 = Debug|Any CPU
		{2653A2EF-884B-427E-BECF-4F8E77B4929C}.Release|Any CPU.ActiveCfg = Release|Any CPU
		{2653A2EF-884B-427E-BECF-4F8E77B4929C}.Release|Any CPU.Build.0 = Release|Any CPU
		{0D32A69F-2790-4C41-8AE9-4369D2B5F50A}.Debug|Any CPU.ActiveCfg = Debug|Any CPU
		{0D32A69F-2790-4C41-8AE9-4369D2B5F50A}.Debug|Any CPU.Build.0 = Debug|Any CPU
		{0D32A69F-2790-4C41-8AE9-4369D2B5F50A}.Release|Any CPU.ActiveCfg = Release|Any CPU
		{0D32A69F-2790-4C41-8AE9-4369D2B5F50A}.Release|Any CPU.Build.0 = Release|Any CPU
		{2CDE32A5-D633-4809-9F9C-9E49CD9D4A29}.Debug|Any CPU.ActiveCfg = Debug|Any CPU
		{2CDE32A5-D633-4809-9F9C-9E49CD9D4A29}.Debug|Any CPU.Build.0 = Debug|Any CPU
		{2CDE32A5-D633-4809-9F9C-9E49CD9D4A29}.Release|Any CPU.ActiveCfg = Release|Any CPU
		{2CDE32A5-D633-4809-9F9C-9E49CD9D4A29}.Release|Any CPU.Build.0 = Release|Any CPU
		{835E1B2A-16E5-41EE-8D7B-D28450B0A4A1}.Debug|Any CPU.ActiveCfg = Debug|Any CPU
		{835E1B2A-16E5-41EE-8D7B-D28450B0A4A1}.Debug|Any CPU.Build.0 = Debug|Any CPU
		{835E1B2A-16E5-41EE-8D7B-D28450B0A4A1}.Release|Any CPU.ActiveCfg = Release|Any CPU
		{835E1B2A-16E5-41EE-8D7B-D28450B0A4A1}.Release|Any CPU.Build.0 = Release|Any CPU
	EndGlobalSection
	GlobalSection(SolutionProperties) = preSolution
		HideSolutionNode = FALSE
	EndGlobalSection
	GlobalSection(NestedProjects) = preSolution
		{D66BE782-ECD4-4716-A84F-FF8819102CC8} = {C1923F41-0395-4271-8680-C114B7FB1634}
		{2653A2EF-884B-427E-BECF-4F8E77B4929C} = {CFB64059-FDC2-4E40-B807-2E3649FE1AFA}
		{0D32A69F-2790-4C41-8AE9-4369D2B5F50A} = {7C19B684-B77F-402A-9692-A891311E69B1}
		{2CDE32A5-D633-4809-9F9C-9E49CD9D4A29} = {F1F1D9C0-1EA2-4C72-A59F-7FBC3FF22931}
		{835E1B2A-16E5-41EE-8D7B-D28450B0A4A1} = {F1F1D9C0-1EA2-4C72-A59F-7FBC3FF22931}
	EndGlobalSection
	GlobalSection(ExtensibilityGlobals) = postSolution
		SolutionGuid = {CF05B7ED-E3CB-48A3-BBF3-844BE93F72B8}
	EndGlobalSection
EndGlobal
