
Microsoft Visual Studio Solution File, Format Version 12.00
# Visual Studio Version 17
VisualStudioVersion = 17.0.31903.59
MinimumVisualStudioVersion = 10.0.40219.1
Project("{2150E333-8FDC-42A3-9474-1A3956D46DE8}") = "DomainLayer", "DomainLayer", "{7C19B684-B77F-402A-9692-A891311E69B1}"
EndProject
Project("{2150E333-8FDC-42A3-9474-1A3956D46DE8}") = "InterfaceAdapterLayer", "InterfaceAdapterLayer", "{F1F1D9C0-1EA2-4C72-A59F-7FBC3FF22931}"
EndProject
Project("{2150E333-8FDC-42A3-9474-1A3956D46DE8}") = "ApplicationLayer", "ApplicationLayer", "{C1923F41-0395-4271-8680-C114B7FB1634}"
EndProject
Project("{2150E333-8FDC-42A3-9474-1A3956D46DE8}") = "Test", "Test", "{CFB64059-FDC2-4E40-B807-2E3649FE1AFA}"
EndProject
Project("{9A19103F-16F7-4668-BE54-9A1E7A4F7556}") = "SimplePOS.Domain", "Domain\SimplePOS.Domain.csproj", "{5F4E598D-B602-46B2-B5CD-4123C69DD4C0}"
EndProject
Project("{FAE04EC0-301F-11D3-BF4B-00C04F79EFBC}") = "SimplePOS.Application", "SimplePOS.Application\SimplePOS.Application.csproj", "{D66BE782-ECD4-4716-A84F-FF8819102CC8}"
EndProject
Project("{FAE04EC0-301F-11D3-BF4B-00C04F79EFBC}") = "SimplePOS.ConsoleApp", "SimplePOS.ConsoleApp\SimplePOS.ConsoleApp.csproj", "{2C5F3ED4-32DC-4A4A-9D72-6EC3F7A1A5A4}"
EndProject
Global
	GlobalSection(SolutionConfigurationPlatforms) = preSolution
		Debug|Any CPU = Debug|Any CPU
		Release|Any CPU = Release|Any CPU
	EndGlobalSection
	GlobalSection(ProjectConfigurationPlatforms) = postSolution
		{5F4E598D-B602-46B2-B5CD-4123C69DD4C0}.Debug|Any CPU.ActiveCfg = Debug|Any CPU
		{5F4E598D-B602-46B2-B5CD-4123C69DD4C0}.Debug|Any CPU.Build.0 = Debug|Any CPU
		{5F4E598D-B602-46B2-B5CD-4123C69DD4C0}.Release|Any CPU.ActiveCfg = Release|Any CPU
		{5F4E598D-B602-46B2-B5CD-4123C69DD4C0}.Release|Any CPU.Build.0 = Release|Any CPU
		{D66BE782-ECD4-4716-A84F-FF8819102CC8}.Debug|Any CPU.ActiveCfg = Debug|Any CPU
		{D66BE782-ECD4-4716-A84F-FF8819102CC8}.Debug|Any CPU.Build.0 = Debug|Any CPU
		{D66BE782-ECD4-4716-A84F-FF8819102CC8}.Release|Any CPU.ActiveCfg = Release|Any CPU
		{D66BE782-ECD4-4716-A84F-FF8819102CC8}.Release|Any CPU.Build.0 = Release|Any CPU
		{2C5F3ED4-32DC-4A4A-9D72-6EC3F7A1A5A4}.Debug|Any CPU.ActiveCfg = Debug|Any CPU
		{2C5F3ED4-32DC-4A4A-9D72-6EC3F7A1A5A4}.Debug|Any CPU.Build.0 = Debug|Any CPU
		{2C5F3ED4-32DC-4A4A-9D72-6EC3F7A1A5A4}.Release|Any CPU.ActiveCfg = Release|Any CPU
		{2C5F3ED4-32DC-4A4A-9D72-6EC3F7A1A5A4}.Release|Any CPU.Build.0 = Release|Any CPU
	EndGlobalSection
	GlobalSection(SolutionProperties) = preSolution
		HideSolutionNode = FALSE
	EndGlobalSection
	GlobalSection(NestedProjects) = preSolution
		{5F4E598D-B602-46B2-B5CD-4123C69DD4C0} = {7C19B684-B77F-402A-9692-A891311E69B1}
		{D66BE782-ECD4-4716-A84F-FF8819102CC8} = {C1923F41-0395-4271-8680-C114B7FB1634}
		{2C5F3ED4-32DC-4A4A-9D72-6EC3F7A1A5A4} = {F1F1D9C0-1EA2-4C72-A59F-7FBC3FF22931}
	EndGlobalSection
	GlobalSection(ExtensibilityGlobals) = postSolution
		SolutionGuid = {CF05B7ED-E3CB-48A3-BBF3-844BE93F72B8}
	EndGlobalSection
EndGlobal
